
Microsoft Visual Studio Solution File, Format Version 12.00
# Visual Studio 14
VisualStudioVersion = 14.0.23107.0
MinimumVisualStudioVersion = 10.0.40219.1
Project("{FAE04EC0-301F-11D3-BF4B-00C04F79EFBC}") = "WebApiMVCTDD", "WebApiMVCTDD\WebApiMVCTDD.csproj", "{38B7D892-8BB0-429D-A44C-E6B04BE4D405}"
EndProject
Project("{FAE04EC0-301F-11D3-BF4B-00C04F79EFBC}") = "WebApiMVCTDDTesting", "WebApiMVCTDDTesting\WebApiMVCTDDTesting.csproj", "{B12FE72F-FFA0-40AC-B9C4-8B8DB013A8B5}"
EndProject
Project("{FAE04EC0-301F-11D3-BF4B-00C04F79EFBC}") = "MvcApp", "MvcApp\MvcApp.csproj", "{CEA9DAED-849F-469C-BF81-8334AB621C38}"
EndProject
Project("{FAE04EC0-301F-11D3-BF4B-00C04F79EFBC}") = "BooksClient", "BooksClient\BooksClient.csproj", "{C6C41521-06CE-4B45-B300-F9CF42516F82}"
EndProject
Project("{FAE04EC0-301F-11D3-BF4B-00C04F79EFBC}") = "Models", "Models\Models.csproj", "{D8467EC9-C1EC-442C-ADCB-3B788C5A0B6C}"
EndProject
Global
	GlobalSection(SolutionConfigurationPlatforms) = preSolution
		Debug|Any CPU = Debug|Any CPU
		Release|Any CPU = Release|Any CPU
	EndGlobalSection
	GlobalSection(ProjectConfigurationPlatforms) = postSolution
		{38B7D892-8BB0-429D-A44C-E6B04BE4D405}.Debug|Any CPU.ActiveCfg = Debug|Any CPU
		{38B7D892-8BB0-429D-A44C-E6B04BE4D405}.Debug|Any CPU.Build.0 = Debug|Any CPU
		{38B7D892-8BB0-429D-A44C-E6B04BE4D405}.Release|Any CPU.ActiveCfg = Release|Any CPU
		{38B7D892-8BB0-429D-A44C-E6B04BE4D405}.Release|Any CPU.Build.0 = Release|Any CPU
		{B12FE72F-FFA0-40AC-B9C4-8B8DB013A8B5}.Debug|Any CPU.ActiveCfg = Debug|Any CPU
		{B12FE72F-FFA0-40AC-B9C4-8B8DB013A8B5}.Debug|Any CPU.Build.0 = Debug|Any CPU
		{B12FE72F-FFA0-40AC-B9C4-8B8DB013A8B5}.Release|Any CPU.ActiveCfg = Release|Any CPU
		{B12FE72F-FFA0-40AC-B9C4-8B8DB013A8B5}.Release|Any CPU.Build.0 = Release|Any CPU
		{CEA9DAED-849F-469C-BF81-8334AB621C38}.Debug|Any CPU.ActiveCfg = Debug|Any CPU
		{CEA9DAED-849F-469C-BF81-8334AB621C38}.Debug|Any CPU.Build.0 = Debug|Any CPU
		{CEA9DAED-849F-469C-BF81-8334AB621C38}.Release|Any CPU.ActiveCfg = Release|Any CPU
		{CEA9DAED-849F-469C-BF81-8334AB621C38}.Release|Any CPU.Build.0 = Release|Any CPU
		{C6C41521-06CE-4B45-B300-F9CF42516F82}.Debug|Any CPU.ActiveCfg = Debug|Any CPU
		{C6C41521-06CE-4B45-B300-F9CF42516F82}.Debug|Any CPU.Build.0 = Debug|Any CPU
		{C6C41521-06CE-4B45-B300-F9CF42516F82}.Release|Any CPU.ActiveCfg = Release|Any CPU
		{C6C41521-06CE-4B45-B300-F9CF42516F82}.Release|Any CPU.Build.0 = Release|Any CPU
		{D8467EC9-C1EC-442C-ADCB-3B788C5A0B6C}.Debug|Any CPU.ActiveCfg = Debug|Any CPU
		{D8467EC9-C1EC-442C-ADCB-3B788C5A0B6C}.Debug|Any CPU.Build.0 = Debug|Any CPU
		{D8467EC9-C1EC-442C-ADCB-3B788C5A0B6C}.Release|Any CPU.ActiveCfg = Release|Any CPU
		{D8467EC9-C1EC-442C-ADCB-3B788C5A0B6C}.Release|Any CPU.Build.0 = Release|Any CPU
	EndGlobalSection
	GlobalSection(SolutionProperties) = preSolution
		HideSolutionNode = FALSE
	EndGlobalSection
EndGlobal
