
Microsoft Visual Studio Solution File, Format Version 12.00
# Visual Studio 14
VisualStudioVersion = 14.0.23107.0
MinimumVisualStudioVersion = 10.0.40219.1
Project("{FAE04EC0-301F-11D3-BF4B-00C04F79EFBC}") = "WebApi2Book.Common", "WebApi2Book.Common\WebApi2Book.Common.csproj", "{AE357BA6-1525-4C94-B904-30366067BE77}"
EndProject
Project("{FAE04EC0-301F-11D3-BF4B-00C04F79EFBC}") = "WebApi2Book.Data", "WebApi2Book.Data\WebApi2Book.Data.csproj", "{910D7964-0F3B-4C2B-9345-C28776E95298}"
EndProject
Project("{FAE04EC0-301F-11D3-BF4B-00C04F79EFBC}") = "WebApi2Book.Data.SqlServer", "WebApi2Book.Data.SqlServer\WebApi2Book.Data.SqlServer.csproj", "{972739EA-3854-4392-819A-46E707CEF681}"
EndProject
Project("{FAE04EC0-301F-11D3-BF4B-00C04F79EFBC}") = "WebApi2Book.Web.Api.Models", "WebApi2Book.Web.Api.Models\WebApi2Book.Web.Api.Models.csproj", "{5813F230-E970-4DE8-8D9E-AE0BE38F31CE}"
EndProject
Project("{FAE04EC0-301F-11D3-BF4B-00C04F79EFBC}") = "WebApi2Book.Web.Common", "WebApi2Book.Web.Common\WebApi2Book.Web.Common.csproj", "{5073952B-FAC1-4392-8DF3-6A4D577B3CB3}"
EndProject
Project("{00D1A9C2-B5F0-4AF3-8072-F6C62B433612}") = "WebApi2BookDb", "WebApi2BookDb\WebApi2BookDb.sqlproj", "{BED764FF-2CC8-4303-82FF-E418D3D964A7}"
EndProject
Project("{FAE04EC0-301F-11D3-BF4B-00C04F79EFBC}") = "WebApi2Book.Common.Tests", "WebApi2Book.Common.Tests\WebApi2Book.Common.Tests.csproj", "{959244DE-4C6F-4352-95E4-DC7A0916052D}"
EndProject
Project("{FAE04EC0-301F-11D3-BF4B-00C04F79EFBC}") = "WebApi2Book.Data.SqlServer.IntegrationTests", "WebApi2Book.Data.SqlServer.IntegrationTests\WebApi2Book.Data.SqlServer.IntegrationTests.csproj", "{A788A5A6-8682-4578-8A3B-2132849CF286}"
EndProject
Project("{FAE04EC0-301F-11D3-BF4B-00C04F79EFBC}") = "WebApi2Book.Data.Tests", "WebApi2Book.Data.Tests\WebApi2Book.Data.Tests.csproj", "{3AD0C59C-61AD-4CAC-BA8E-BC4FDC208538}"
EndProject
Project("{FAE04EC0-301F-11D3-BF4B-00C04F79EFBC}") = "WebApi2Book.Web.Api.IntegrationTests", "WebApi2Book.Web.Api.IntegrationTests\WebApi2Book.Web.Api.IntegrationTests.csproj", "{6C96BDB9-BD91-4DF2-B264-75EE6E8E7DB6}"
EndProject
Project("{FAE04EC0-301F-11D3-BF4B-00C04F79EFBC}") = "WebApi2Book.Web.Api.Tests", "WebApi2Book.Web.Api.Tests\WebApi2Book.Web.Api.Tests.csproj", "{DE955016-FF65-4214-8A67-259D75676CD5}"
EndProject
Project("{FAE04EC0-301F-11D3-BF4B-00C04F79EFBC}") = "WebApi2Book.Web.Common.Tests", "WebApi2Book.Web.Common.Tests\WebApi2Book.Web.Common.Tests.csproj", "{DB5BB077-DFF1-42E7-9743-691185DFE36A}"
EndProject
Project("{FAE04EC0-301F-11D3-BF4B-00C04F79EFBC}") = "WebApi2Book.Web.Api", "WebApi2Book.Web.Api\WebApi2Book.Web.Api.csproj", "{08B5656B-45D7-4C37-8F25-89D01F527489}"
EndProject
Global
	GlobalSection(SolutionConfigurationPlatforms) = preSolution
		Debug|Any CPU = Debug|Any CPU
		Release|Any CPU = Release|Any CPU
	EndGlobalSection
	GlobalSection(ProjectConfigurationPlatforms) = postSolution
		{AE357BA6-1525-4C94-B904-30366067BE77}.Debug|Any CPU.ActiveCfg = Debug|Any CPU
		{AE357BA6-1525-4C94-B904-30366067BE77}.Debug|Any CPU.Build.0 = Debug|Any CPU
		{AE357BA6-1525-4C94-B904-30366067BE77}.Release|Any CPU.ActiveCfg = Release|Any CPU
		{AE357BA6-1525-4C94-B904-30366067BE77}.Release|Any CPU.Build.0 = Release|Any CPU
		{910D7964-0F3B-4C2B-9345-C28776E95298}.Debug|Any CPU.ActiveCfg = Debug|Any CPU
		{910D7964-0F3B-4C2B-9345-C28776E95298}.Debug|Any CPU.Build.0 = Debug|Any CPU
		{910D7964-0F3B-4C2B-9345-C28776E95298}.Release|Any CPU.ActiveCfg = Release|Any CPU
		{910D7964-0F3B-4C2B-9345-C28776E95298}.Release|Any CPU.Build.0 = Release|Any CPU
		{972739EA-3854-4392-819A-46E707CEF681}.Debug|Any CPU.ActiveCfg = Debug|Any CPU
		{972739EA-3854-4392-819A-46E707CEF681}.Debug|Any CPU.Build.0 = Debug|Any CPU
		{972739EA-3854-4392-819A-46E707CEF681}.Release|Any CPU.ActiveCfg = Release|Any CPU
		{972739EA-3854-4392-819A-46E707CEF681}.Release|Any CPU.Build.0 = Release|Any CPU
		{5813F230-E970-4DE8-8D9E-AE0BE38F31CE}.Debug|Any CPU.ActiveCfg = Debug|Any CPU
		{5813F230-E970-4DE8-8D9E-AE0BE38F31CE}.Debug|Any CPU.Build.0 = Debug|Any CPU
		{5813F230-E970-4DE8-8D9E-AE0BE38F31CE}.Release|Any CPU.ActiveCfg = Release|Any CPU
		{5813F230-E970-4DE8-8D9E-AE0BE38F31CE}.Release|Any CPU.Build.0 = Release|Any CPU
		{5073952B-FAC1-4392-8DF3-6A4D577B3CB3}.Debug|Any CPU.ActiveCfg = Debug|Any CPU
		{5073952B-FAC1-4392-8DF3-6A4D577B3CB3}.Debug|Any CPU.Build.0 = Debug|Any CPU
		{5073952B-FAC1-4392-8DF3-6A4D577B3CB3}.Release|Any CPU.ActiveCfg = Release|Any CPU
		{5073952B-FAC1-4392-8DF3-6A4D577B3CB3}.Release|Any CPU.Build.0 = Release|Any CPU
		{BED764FF-2CC8-4303-82FF-E418D3D964A7}.Debug|Any CPU.ActiveCfg = Debug|Any CPU
		{BED764FF-2CC8-4303-82FF-E418D3D964A7}.Debug|Any CPU.Build.0 = Debug|Any CPU
		{BED764FF-2CC8-4303-82FF-E418D3D964A7}.Debug|Any CPU.Deploy.0 = Debug|Any CPU
		{BED764FF-2CC8-4303-82FF-E418D3D964A7}.Release|Any CPU.ActiveCfg = Release|Any CPU
		{BED764FF-2CC8-4303-82FF-E418D3D964A7}.Release|Any CPU.Build.0 = Release|Any CPU
		{BED764FF-2CC8-4303-82FF-E418D3D964A7}.Release|Any CPU.Deploy.0 = Release|Any CPU
		{959244DE-4C6F-4352-95E4-DC7A0916052D}.Debug|Any CPU.ActiveCfg = Debug|Any CPU
		{959244DE-4C6F-4352-95E4-DC7A0916052D}.Debug|Any CPU.Build.0 = Debug|Any CPU
		{959244DE-4C6F-4352-95E4-DC7A0916052D}.Release|Any CPU.ActiveCfg = Release|Any CPU
		{959244DE-4C6F-4352-95E4-DC7A0916052D}.Release|Any CPU.Build.0 = Release|Any CPU
		{A788A5A6-8682-4578-8A3B-2132849CF286}.Debug|Any CPU.ActiveCfg = Debug|Any CPU
		{A788A5A6-8682-4578-8A3B-2132849CF286}.Debug|Any CPU.Build.0 = Debug|Any CPU
		{A788A5A6-8682-4578-8A3B-2132849CF286}.Release|Any CPU.ActiveCfg = Release|Any CPU
		{A788A5A6-8682-4578-8A3B-2132849CF286}.Release|Any CPU.Build.0 = Release|Any CPU
		{3AD0C59C-61AD-4CAC-BA8E-BC4FDC208538}.Debug|Any CPU.ActiveCfg = Debug|Any CPU
		{3AD0C59C-61AD-4CAC-BA8E-BC4FDC208538}.Debug|Any CPU.Build.0 = Debug|Any CPU
		{3AD0C59C-61AD-4CAC-BA8E-BC4FDC208538}.Release|Any CPU.ActiveCfg = Release|Any CPU
		{3AD0C59C-61AD-4CAC-BA8E-BC4FDC208538}.Release|Any CPU.Build.0 = Release|Any CPU
		{6C96BDB9-BD91-4DF2-B264-75EE6E8E7DB6}.Debug|Any CPU.ActiveCfg = Debug|Any CPU
		{6C96BDB9-BD91-4DF2-B264-75EE6E8E7DB6}.Debug|Any CPU.Build.0 = Debug|Any CPU
		{6C96BDB9-BD91-4DF2-B264-75EE6E8E7DB6}.Release|Any CPU.ActiveCfg = Release|Any CPU
		{6C96BDB9-BD91-4DF2-B264-75EE6E8E7DB6}.Release|Any CPU.Build.0 = Release|Any CPU
		{DE955016-FF65-4214-8A67-259D75676CD5}.Debug|Any CPU.ActiveCfg = Debug|Any CPU
		{DE955016-FF65-4214-8A67-259D75676CD5}.Debug|Any CPU.Build.0 = Debug|Any CPU
		{DE955016-FF65-4214-8A67-259D75676CD5}.Release|Any CPU.ActiveCfg = Release|Any CPU
		{DE955016-FF65-4214-8A67-259D75676CD5}.Release|Any CPU.Build.0 = Release|Any CPU
		{DB5BB077-DFF1-42E7-9743-691185DFE36A}.Debug|Any CPU.ActiveCfg = Debug|Any CPU
		{DB5BB077-DFF1-42E7-9743-691185DFE36A}.Debug|Any CPU.Build.0 = Debug|Any CPU
		{DB5BB077-DFF1-42E7-9743-691185DFE36A}.Release|Any CPU.ActiveCfg = Release|Any CPU
		{DB5BB077-DFF1-42E7-9743-691185DFE36A}.Release|Any CPU.Build.0 = Release|Any CPU
		{08B5656B-45D7-4C37-8F25-89D01F527489}.Debug|Any CPU.ActiveCfg = Debug|Any CPU
		{08B5656B-45D7-4C37-8F25-89D01F527489}.Debug|Any CPU.Build.0 = Debug|Any CPU
		{08B5656B-45D7-4C37-8F25-89D01F527489}.Release|Any CPU.ActiveCfg = Release|Any CPU
		{08B5656B-45D7-4C37-8F25-89D01F527489}.Release|Any CPU.Build.0 = Release|Any CPU
	EndGlobalSection
	GlobalSection(SolutionProperties) = preSolution
		HideSolutionNode = FALSE
	EndGlobalSection
EndGlobal
