
Microsoft Visual Studio Solution File, Format Version 12.00
# Visual Studio 14
VisualStudioVersion = 14.0.23107.0
MinimumVisualStudioVersion = 10.0.40219.1
Project("{FAE04EC0-301F-11D3-BF4B-00C04F79EFBC}") = "Console", "Console\Console.csproj", "{1F6108AA-C210-40D3-AD19-C9CEA1C8698C}"
EndProject
Project("{FAE04EC0-301F-11D3-BF4B-00C04F79EFBC}") = "SharesSchedulerTests", "SharesSchedulerTests\SharesSchedulerTests.csproj", "{31672B93-16EC-4343-9AB0-309D86FBDBE9}"
EndProject
Project("{FAE04EC0-301F-11D3-BF4B-00C04F79EFBC}") = "SchedulerServices", "SchedulerServices\SchedulerServices.csproj", "{B79B0915-FA67-4FC9-B686-0F6041788B15}"
EndProject
Project("{FAE04EC0-301F-11D3-BF4B-00C04F79EFBC}") = "SchedulerServicesTests", "SchedulerServicesTests\SchedulerServicesTests.csproj", "{122CA934-8706-46FF-8E3A-43707AB30A06}"
EndProject
Project("{FAE04EC0-301F-11D3-BF4B-00C04F79EFBC}") = "Models", "Models\Models.csproj", "{E3B60D4E-C39D-4FC8-B477-4E12C1DE3651}"
EndProject
Project("{FAE04EC0-301F-11D3-BF4B-00C04F79EFBC}") = "ElasticSearchService", "ElasticSearchService\ElasticSearchService.csproj", "{E2740B40-CA17-435C-B296-03B15E0B093B}"
EndProject
Project("{FAE04EC0-301F-11D3-BF4B-00C04F79EFBC}") = "ElasticSearchServiceTests", "ElasticSearchServiceTests\ElasticSearchServiceTests.csproj", "{6DCA4FEF-9949-4A71-B3F5-B9DB9B2F2DB3}"
EndProject
Global
	GlobalSection(SolutionConfigurationPlatforms) = preSolution
		Debug|Any CPU = Debug|Any CPU
		Release|Any CPU = Release|Any CPU
	EndGlobalSection
	GlobalSection(ProjectConfigurationPlatforms) = postSolution
		{1F6108AA-C210-40D3-AD19-C9CEA1C8698C}.Debug|Any CPU.ActiveCfg = Debug|Any CPU
		{1F6108AA-C210-40D3-AD19-C9CEA1C8698C}.Debug|Any CPU.Build.0 = Debug|Any CPU
		{1F6108AA-C210-40D3-AD19-C9CEA1C8698C}.Release|Any CPU.ActiveCfg = Release|Any CPU
		{1F6108AA-C210-40D3-AD19-C9CEA1C8698C}.Release|Any CPU.Build.0 = Release|Any CPU
		{31672B93-16EC-4343-9AB0-309D86FBDBE9}.Debug|Any CPU.ActiveCfg = Debug|Any CPU
		{31672B93-16EC-4343-9AB0-309D86FBDBE9}.Debug|Any CPU.Build.0 = Debug|Any CPU
		{31672B93-16EC-4343-9AB0-309D86FBDBE9}.Release|Any CPU.ActiveCfg = Release|Any CPU
		{31672B93-16EC-4343-9AB0-309D86FBDBE9}.Release|Any CPU.Build.0 = Release|Any CPU
		{B79B0915-FA67-4FC9-B686-0F6041788B15}.Debug|Any CPU.ActiveCfg = Debug|Any CPU
		{B79B0915-FA67-4FC9-B686-0F6041788B15}.Debug|Any CPU.Build.0 = Debug|Any CPU
		{B79B0915-FA67-4FC9-B686-0F6041788B15}.Release|Any CPU.ActiveCfg = Release|Any CPU
		{B79B0915-FA67-4FC9-B686-0F6041788B15}.Release|Any CPU.Build.0 = Release|Any CPU
		{122CA934-8706-46FF-8E3A-43707AB30A06}.Debug|Any CPU.ActiveCfg = Debug|Any CPU
		{122CA934-8706-46FF-8E3A-43707AB30A06}.Debug|Any CPU.Build.0 = Debug|Any CPU
		{122CA934-8706-46FF-8E3A-43707AB30A06}.Release|Any CPU.ActiveCfg = Release|Any CPU
		{122CA934-8706-46FF-8E3A-43707AB30A06}.Release|Any CPU.Build.0 = Release|Any CPU
		{E3B60D4E-C39D-4FC8-B477-4E12C1DE3651}.Debug|Any CPU.ActiveCfg = Debug|Any CPU
		{E3B60D4E-C39D-4FC8-B477-4E12C1DE3651}.Debug|Any CPU.Build.0 = Debug|Any CPU
		{E3B60D4E-C39D-4FC8-B477-4E12C1DE3651}.Release|Any CPU.ActiveCfg = Release|Any CPU
		{E3B60D4E-C39D-4FC8-B477-4E12C1DE3651}.Release|Any CPU.Build.0 = Release|Any CPU
		{E2740B40-CA17-435C-B296-03B15E0B093B}.Debug|Any CPU.ActiveCfg = Debug|Any CPU
		{E2740B40-CA17-435C-B296-03B15E0B093B}.Debug|Any CPU.Build.0 = Debug|Any CPU
		{E2740B40-CA17-435C-B296-03B15E0B093B}.Release|Any CPU.ActiveCfg = Release|Any CPU
		{E2740B40-CA17-435C-B296-03B15E0B093B}.Release|Any CPU.Build.0 = Release|Any CPU
		{6DCA4FEF-9949-4A71-B3F5-B9DB9B2F2DB3}.Debug|Any CPU.ActiveCfg = Debug|Any CPU
		{6DCA4FEF-9949-4A71-B3F5-B9DB9B2F2DB3}.Debug|Any CPU.Build.0 = Debug|Any CPU
		{6DCA4FEF-9949-4A71-B3F5-B9DB9B2F2DB3}.Release|Any CPU.ActiveCfg = Release|Any CPU
		{6DCA4FEF-9949-4A71-B3F5-B9DB9B2F2DB3}.Release|Any CPU.Build.0 = Release|Any CPU
	EndGlobalSection
	GlobalSection(SolutionProperties) = preSolution
		HideSolutionNode = FALSE
	EndGlobalSection
EndGlobal
