
Microsoft Visual Studio Solution File, Format Version 12.00
# Visual Studio 14
VisualStudioVersion = 14.0.23107.0
MinimumVisualStudioVersion = 10.0.40219.1
Project("{FAE04EC0-301F-11D3-BF4B-00C04F79EFBC}") = "BeeGame", "BeeGame\BeeGame.csproj", "{6358733B-AA07-42A4-B478-EA46BF0289D2}"
EndProject
Global
	GlobalSection(SolutionConfigurationPlatforms) = preSolution
		Debug|Any CPU = Debug|Any CPU
		Release|Any CPU = Release|Any CPU
	EndGlobalSection
	GlobalSection(ProjectConfigurationPlatforms) = postSolution
		{6358733B-AA07-42A4-B478-EA46BF0289D2}.Debug|Any CPU.ActiveCfg = Debug|Any CPU
		{6358733B-AA07-42A4-B478-EA46BF0289D2}.Debug|Any CPU.Build.0 = Debug|Any CPU
		{6358733B-AA07-42A4-B478-EA46BF0289D2}.Release|Any CPU.ActiveCfg = Release|Any CPU
		{6358733B-AA07-42A4-B478-EA46BF0289D2}.Release|Any CPU.Build.0 = Release|Any CPU
	EndGlobalSection
	GlobalSection(SolutionProperties) = preSolution
		HideSolutionNode = FALSE
	EndGlobalSection
EndGlobal
